// !$*UTF8*$!
{
	archiveVersion = 1;
	classes = {
	};
	objectVersion = 52;
	objects = {

/* Begin PBXBuildFile section */
		3300E94127972C77002C5B12 /* AppDelegate.swift in Sources */ = {isa = PBXBuildFile; fileRef = 3300E94027972C77002C5B12 /* AppDelegate.swift */; };
		3300E94327972C77002C5B12 /* SceneDelegate.swift in Sources */ = {isa = PBXBuildFile; fileRef = 3300E94227972C77002C5B12 /* SceneDelegate.swift */; };
		3300E94827972C77002C5B12 /* Main.storyboard in Resources */ = {isa = PBXBuildFile; fileRef = 3300E94627972C77002C5B12 /* Main.storyboard */; };
		3300E94A27972C78002C5B12 /* Assets.xcassets in Resources */ = {isa = PBXBuildFile; fileRef = 3300E94927972C78002C5B12 /* Assets.xcassets */; };
		3300E94D27972C78002C5B12 /* LaunchScreen.storyboard in Resources */ = {isa = PBXBuildFile; fileRef = 3300E94B27972C78002C5B12 /* LaunchScreen.storyboard */; };
		D4154148279DEA8A003E8313 /* Lottie in Frameworks */ = {isa = PBXBuildFile; productRef = D4154147279DEA8A003E8313 /* Lottie */; };
		D415414E279DF5FD003E8313 /* LaunchScreenVC.swift in Sources */ = {isa = PBXBuildFile; fileRef = D415414D279DF5FD003E8313 /* LaunchScreenVC.swift */; };
		D415415A279E0D38003E8313 /* beer_splash.json in Resources */ = {isa = PBXBuildFile; fileRef = D4154159279E0D38003E8313 /* beer_splash.json */; };
		D415415C279E10EE003E8313 /* LoginVC.swift in Sources */ = {isa = PBXBuildFile; fileRef = D415415B279E10ED003E8313 /* LoginVC.swift */; };
		D415415E279E1B38003E8313 /* RegisterVC.swift in Sources */ = {isa = PBXBuildFile; fileRef = D415415D279E1B38003E8313 /* RegisterVC.swift */; };
/* End PBXBuildFile section */

/* Begin PBXFileReference section */
		3300E93D27972C77002C5B12 /* Birringo.app */ = {isa = PBXFileReference; explicitFileType = wrapper.application; includeInIndex = 0; path = Birringo.app; sourceTree = BUILT_PRODUCTS_DIR; };
		3300E94027972C77002C5B12 /* AppDelegate.swift */ = {isa = PBXFileReference; lastKnownFileType = sourcecode.swift; path = AppDelegate.swift; sourceTree = "<group>"; };
		3300E94227972C77002C5B12 /* SceneDelegate.swift */ = {isa = PBXFileReference; lastKnownFileType = sourcecode.swift; path = SceneDelegate.swift; sourceTree = "<group>"; };
		3300E94727972C77002C5B12 /* Base */ = {isa = PBXFileReference; lastKnownFileType = file.storyboard; name = Base; path = Base.lproj/Main.storyboard; sourceTree = "<group>"; };
		3300E94927972C78002C5B12 /* Assets.xcassets */ = {isa = PBXFileReference; lastKnownFileType = folder.assetcatalog; path = Assets.xcassets; sourceTree = "<group>"; };
		3300E94C27972C78002C5B12 /* Base */ = {isa = PBXFileReference; lastKnownFileType = file.storyboard; name = Base; path = Base.lproj/LaunchScreen.storyboard; sourceTree = "<group>"; };
		3300E94E27972C78002C5B12 /* Info.plist */ = {isa = PBXFileReference; lastKnownFileType = text.plist.xml; path = Info.plist; sourceTree = "<group>"; };
		D415414D279DF5FD003E8313 /* LaunchScreenVC.swift */ = {isa = PBXFileReference; lastKnownFileType = sourcecode.swift; path = LaunchScreenVC.swift; sourceTree = "<group>"; };
		D4154159279E0D38003E8313 /* beer_splash.json */ = {isa = PBXFileReference; fileEncoding = 4; lastKnownFileType = text.json; path = beer_splash.json; sourceTree = "<group>"; };
		D415415B279E10ED003E8313 /* LoginVC.swift */ = {isa = PBXFileReference; lastKnownFileType = sourcecode.swift; path = LoginVC.swift; sourceTree = "<group>"; };
		D415415D279E1B38003E8313 /* RegisterVC.swift */ = {isa = PBXFileReference; lastKnownFileType = sourcecode.swift; path = RegisterVC.swift; sourceTree = "<group>"; };
/* End PBXFileReference section */

/* Begin PBXFrameworksBuildPhase section */
		3300E93A27972C77002C5B12 /* Frameworks */ = {
			isa = PBXFrameworksBuildPhase;
			buildActionMask = 2147483647;
			files = (
				D4154148279DEA8A003E8313 /* Lottie in Frameworks */,
			);
			runOnlyForDeploymentPostprocessing = 0;
		};
/* End PBXFrameworksBuildPhase section */

/* Begin PBXGroup section */
		3300E93427972C77002C5B12 = {
			isa = PBXGroup;
			children = (
				3300E93F27972C77002C5B12 /* Birringo */,
				3300E93E27972C77002C5B12 /* Products */,
			);
			sourceTree = "<group>";
		};
		3300E93E27972C77002C5B12 /* Products */ = {
			isa = PBXGroup;
			children = (
				3300E93D27972C77002C5B12 /* Birringo.app */,
			);
			name = Products;
			sourceTree = "<group>";
		};
		3300E93F27972C77002C5B12 /* Birringo */ = {
			isa = PBXGroup;
			children = (
				D4154159279E0D38003E8313 /* beer_splash.json */,
				3300E94027972C77002C5B12 /* AppDelegate.swift */,
				3300E94227972C77002C5B12 /* SceneDelegate.swift */,
				3300E94627972C77002C5B12 /* Main.storyboard */,
				3300E94927972C78002C5B12 /* Assets.xcassets */,
				3300E94B27972C78002C5B12 /* LaunchScreen.storyboard */,
				3300E94E27972C78002C5B12 /* Info.plist */,
				D415414D279DF5FD003E8313 /* LaunchScreenVC.swift */,
				D415415B279E10ED003E8313 /* LoginVC.swift */,
				D415415D279E1B38003E8313 /* RegisterVC.swift */,
			);
			path = Birringo;
			sourceTree = "<group>";
		};
/* End PBXGroup section */

/* Begin PBXNativeTarget section */
		3300E93C27972C77002C5B12 /* Birringo */ = {
			isa = PBXNativeTarget;
			buildConfigurationList = 3300E95127972C78002C5B12 /* Build configuration list for PBXNativeTarget "Birringo" */;
			buildPhases = (
				3300E93927972C77002C5B12 /* Sources */,
				3300E93A27972C77002C5B12 /* Frameworks */,
				3300E93B27972C77002C5B12 /* Resources */,
			);
			buildRules = (
			);
			dependencies = (
			);
			name = Birringo;
			packageProductDependencies = (
				D4154147279DEA8A003E8313 /* Lottie */,
			);
			productName = Birringo;
			productReference = 3300E93D27972C77002C5B12 /* Birringo.app */;
			productType = "com.apple.product-type.application";
		};
/* End PBXNativeTarget section */

/* Begin PBXProject section */
		3300E93527972C77002C5B12 /* Project object */ = {
			isa = PBXProject;
			attributes = {
				LastSwiftUpdateCheck = 1250;
				LastUpgradeCheck = 1250;
				TargetAttributes = {
					3300E93C27972C77002C5B12 = {
						CreatedOnToolsVersion = 12.5.1;
					};
				};
			};
			buildConfigurationList = 3300E93827972C77002C5B12 /* Build configuration list for PBXProject "Birringo" */;
			compatibilityVersion = "Xcode 9.3";
			developmentRegion = en;
			hasScannedForEncodings = 0;
			knownRegions = (
				en,
				Base,
			);
			mainGroup = 3300E93427972C77002C5B12;
			packageReferences = (
				D4154146279DEA8A003E8313 /* XCRemoteSwiftPackageReference "lottie-ios" */,
			);
			productRefGroup = 3300E93E27972C77002C5B12 /* Products */;
			projectDirPath = "";
			projectRoot = "";
			targets = (
				3300E93C27972C77002C5B12 /* Birringo */,
			);
		};
/* End PBXProject section */

/* Begin PBXResourcesBuildPhase section */
		3300E93B27972C77002C5B12 /* Resources */ = {
			isa = PBXResourcesBuildPhase;
			buildActionMask = 2147483647;
			files = (
				D415415A279E0D38003E8313 /* beer_splash.json in Resources */,
				3300E94D27972C78002C5B12 /* LaunchScreen.storyboard in Resources */,
				3300E94A27972C78002C5B12 /* Assets.xcassets in Resources */,
				3300E94827972C77002C5B12 /* Main.storyboard in Resources */,
			);
			runOnlyForDeploymentPostprocessing = 0;
		};
/* End PBXResourcesBuildPhase section */

/* Begin PBXSourcesBuildPhase section */
		3300E93927972C77002C5B12 /* Sources */ = {
			isa = PBXSourcesBuildPhase;
			buildActionMask = 2147483647;
			files = (
				3300E94127972C77002C5B12 /* AppDelegate.swift in Sources */,
				3300E94327972C77002C5B12 /* SceneDelegate.swift in Sources */,
				D415415C279E10EE003E8313 /* LoginVC.swift in Sources */,
				D415414E279DF5FD003E8313 /* LaunchScreenVC.swift in Sources */,
				D415415E279E1B38003E8313 /* RegisterVC.swift in Sources */,
			);
			runOnlyForDeploymentPostprocessing = 0;
		};
/* End PBXSourcesBuildPhase section */

/* Begin PBXVariantGroup section */
		3300E94627972C77002C5B12 /* Main.storyboard */ = {
			isa = PBXVariantGroup;
			children = (
				3300E94727972C77002C5B12 /* Base */,
			);
			name = Main.storyboard;
			sourceTree = "<group>";
		};
		3300E94B27972C78002C5B12 /* LaunchScreen.storyboard */ = {
			isa = PBXVariantGroup;
			children = (
				3300E94C27972C78002C5B12 /* Base */,
			);
			name = LaunchScreen.storyboard;
			sourceTree = "<group>";
		};
/* End PBXVariantGroup section */

/* Begin XCBuildConfiguration section */
		3300E94F27972C78002C5B12 /* Debug */ = {
			isa = XCBuildConfiguration;
			buildSettings = {
				ALWAYS_SEARCH_USER_PATHS = NO;
				CLANG_ANALYZER_NONNULL = YES;
				CLANG_ANALYZER_NUMBER_OBJECT_CONVERSION = YES_AGGRESSIVE;
				CLANG_CXX_LANGUAGE_STANDARD = "gnu++14";
				CLANG_CXX_LIBRARY = "libc++";
				CLANG_ENABLE_MODULES = YES;
				CLANG_ENABLE_OBJC_ARC = YES;
				CLANG_ENABLE_OBJC_WEAK = YES;
				CLANG_WARN_BLOCK_CAPTURE_AUTORELEASING = YES;
				CLANG_WARN_BOOL_CONVERSION = YES;
				CLANG_WARN_COMMA = YES;
				CLANG_WARN_CONSTANT_CONVERSION = YES;
				CLANG_WARN_DEPRECATED_OBJC_IMPLEMENTATIONS = YES;
				CLANG_WARN_DIRECT_OBJC_ISA_USAGE = YES_ERROR;
				CLANG_WARN_DOCUMENTATION_COMMENTS = YES;
				CLANG_WARN_EMPTY_BODY = YES;
				CLANG_WARN_ENUM_CONVERSION = YES;
				CLANG_WARN_INFINITE_RECURSION = YES;
				CLANG_WARN_INT_CONVERSION = YES;
				CLANG_WARN_NON_LITERAL_NULL_CONVERSION = YES;
				CLANG_WARN_OBJC_IMPLICIT_RETAIN_SELF = YES;
				CLANG_WARN_OBJC_LITERAL_CONVERSION = YES;
				CLANG_WARN_OBJC_ROOT_CLASS = YES_ERROR;
				CLANG_WARN_QUOTED_INCLUDE_IN_FRAMEWORK_HEADER = YES;
				CLANG_WARN_RANGE_LOOP_ANALYSIS = YES;
				CLANG_WARN_STRICT_PROTOTYPES = YES;
				CLANG_WARN_SUSPICIOUS_MOVE = YES;
				CLANG_WARN_UNGUARDED_AVAILABILITY = YES_AGGRESSIVE;
				CLANG_WARN_UNREACHABLE_CODE = YES;
				CLANG_WARN__DUPLICATE_METHOD_MATCH = YES;
				COPY_PHASE_STRIP = NO;
				DEBUG_INFORMATION_FORMAT = dwarf;
				ENABLE_STRICT_OBJC_MSGSEND = YES;
				ENABLE_TESTABILITY = YES;
				GCC_C_LANGUAGE_STANDARD = gnu11;
				GCC_DYNAMIC_NO_PIC = NO;
				GCC_NO_COMMON_BLOCKS = YES;
				GCC_OPTIMIZATION_LEVEL = 0;
				GCC_PREPROCESSOR_DEFINITIONS = (
					"DEBUG=1",
					"$(inherited)",
				);
				GCC_WARN_64_TO_32_BIT_CONVERSION = YES;
				GCC_WARN_ABOUT_RETURN_TYPE = YES_ERROR;
				GCC_WARN_UNDECLARED_SELECTOR = YES;
				GCC_WARN_UNINITIALIZED_AUTOS = YES_AGGRESSIVE;
				GCC_WARN_UNUSED_FUNCTION = YES;
				GCC_WARN_UNUSED_VARIABLE = YES;
				IPHONEOS_DEPLOYMENT_TARGET = 14.5;
				MTL_ENABLE_DEBUG_INFO = INCLUDE_SOURCE;
				MTL_FAST_MATH = YES;
				ONLY_ACTIVE_ARCH = YES;
				SDKROOT = iphoneos;
				SWIFT_ACTIVE_COMPILATION_CONDITIONS = DEBUG;
				SWIFT_OPTIMIZATION_LEVEL = "-Onone";
			};
			name = Debug;
		};
		3300E95027972C78002C5B12 /* Release */ = {
			isa = XCBuildConfiguration;
			buildSettings = {
				ALWAYS_SEARCH_USER_PATHS = NO;
				CLANG_ANALYZER_NONNULL = YES;
				CLANG_ANALYZER_NUMBER_OBJECT_CONVERSION = YES_AGGRESSIVE;
				CLANG_CXX_LANGUAGE_STANDARD = "gnu++14";
				CLANG_CXX_LIBRARY = "libc++";
				CLANG_ENABLE_MODULES = YES;
				CLANG_ENABLE_OBJC_ARC = YES;
				CLANG_ENABLE_OBJC_WEAK = YES;
				CLANG_WARN_BLOCK_CAPTURE_AUTORELEASING = YES;
				CLANG_WARN_BOOL_CONVERSION = YES;
				CLANG_WARN_COMMA = YES;
				CLANG_WARN_CONSTANT_CONVERSION = YES;
				CLANG_WARN_DEPRECATED_OBJC_IMPLEMENTATIONS = YES;
				CLANG_WARN_DIRECT_OBJC_ISA_USAGE = YES_ERROR;
				CLANG_WARN_DOCUMENTATION_COMMENTS = YES;
				CLANG_WARN_EMPTY_BODY = YES;
				CLANG_WARN_ENUM_CONVERSION = YES;
				CLANG_WARN_INFINITE_RECURSION = YES;
				CLANG_WARN_INT_CONVERSION = YES;
				CLANG_WARN_NON_LITERAL_NULL_CONVERSION = YES;
				CLANG_WARN_OBJC_IMPLICIT_RETAIN_SELF = YES;
				CLANG_WARN_OBJC_LITERAL_CONVERSION = YES;
				CLANG_WARN_OBJC_ROOT_CLASS = YES_ERROR;
				CLANG_WARN_QUOTED_INCLUDE_IN_FRAMEWORK_HEADER = YES;
				CLANG_WARN_RANGE_LOOP_ANALYSIS = YES;
				CLANG_WARN_STRICT_PROTOTYPES = YES;
				CLANG_WARN_SUSPICIOUS_MOVE = YES;
				CLANG_WARN_UNGUARDED_AVAILABILITY = YES_AGGRESSIVE;
				CLANG_WARN_UNREACHABLE_CODE = YES;
				CLANG_WARN__DUPLICATE_METHOD_MATCH = YES;
				COPY_PHASE_STRIP = NO;
				DEBUG_INFORMATION_FORMAT = "dwarf-with-dsym";
				ENABLE_NS_ASSERTIONS = NO;
				ENABLE_STRICT_OBJC_MSGSEND = YES;
				GCC_C_LANGUAGE_STANDARD = gnu11;
				GCC_NO_COMMON_BLOCKS = YES;
				GCC_WARN_64_TO_32_BIT_CONVERSION = YES;
				GCC_WARN_ABOUT_RETURN_TYPE = YES_ERROR;
				GCC_WARN_UNDECLARED_SELECTOR = YES;
				GCC_WARN_UNINITIALIZED_AUTOS = YES_AGGRESSIVE;
				GCC_WARN_UNUSED_FUNCTION = YES;
				GCC_WARN_UNUSED_VARIABLE = YES;
				IPHONEOS_DEPLOYMENT_TARGET = 14.5;
				MTL_ENABLE_DEBUG_INFO = NO;
				MTL_FAST_MATH = YES;
				SDKROOT = iphoneos;
				SWIFT_COMPILATION_MODE = wholemodule;
				SWIFT_OPTIMIZATION_LEVEL = "-O";
				VALIDATE_PRODUCT = YES;
			};
			name = Release;
		};
		3300E95227972C78002C5B12 /* Debug */ = {
			isa = XCBuildConfiguration;
			buildSettings = {
				ASSETCATALOG_COMPILER_APPICON_NAME = AppIcon;
				ASSETCATALOG_COMPILER_GLOBAL_ACCENT_COLOR_NAME = AccentColor;
				CODE_SIGN_STYLE = Automatic;
				DEVELOPMENT_TEAM = V469DAHXMC;
				INFOPLIST_FILE = Birringo/Info.plist;
				LD_RUNPATH_SEARCH_PATHS = (
					"$(inherited)",
					"@executable_path/Frameworks",
				);
				PRODUCT_BUNDLE_IDENTIFIER = com.retamar.Birringo;
				PRODUCT_NAME = "$(TARGET_NAME)";
				SWIFT_VERSION = 5.0;
				TARGETED_DEVICE_FAMILY = "1,2";
			};
			name = Debug;
		};
		3300E95327972C78002C5B12 /* Release */ = {
			isa = XCBuildConfiguration;
			buildSettings = {
				ASSETCATALOG_COMPILER_APPICON_NAME = AppIcon;
				ASSETCATALOG_COMPILER_GLOBAL_ACCENT_COLOR_NAME = AccentColor;
				CODE_SIGN_STYLE = Automatic;
				DEVELOPMENT_TEAM = V469DAHXMC;
				INFOPLIST_FILE = Birringo/Info.plist;
				LD_RUNPATH_SEARCH_PATHS = (
					"$(inherited)",
					"@executable_path/Frameworks",
				);
				PRODUCT_BUNDLE_IDENTIFIER = com.retamar.Birringo;
				PRODUCT_NAME = "$(TARGET_NAME)";
				SWIFT_VERSION = 5.0;
				TARGETED_DEVICE_FAMILY = "1,2";
			};
			name = Release;
		};
/* End XCBuildConfiguration section */

/* Begin XCConfigurationList section */
		3300E93827972C77002C5B12 /* Build configuration list for PBXProject "Birringo" */ = {
			isa = XCConfigurationList;
			buildConfigurations = (
				3300E94F27972C78002C5B12 /* Debug */,
				3300E95027972C78002C5B12 /* Release */,
			);
			defaultConfigurationIsVisible = 0;
			defaultConfigurationName = Release;
		};
		3300E95127972C78002C5B12 /* Build configuration list for PBXNativeTarget "Birringo" */ = {
			isa = XCConfigurationList;
			buildConfigurations = (
				3300E95227972C78002C5B12 /* Debug */,
				3300E95327972C78002C5B12 /* Release */,
			);
			defaultConfigurationIsVisible = 0;
			defaultConfigurationName = Release;
		};
/* End XCConfigurationList section */

/* Begin XCRemoteSwiftPackageReference section */
		D4154146279DEA8A003E8313 /* XCRemoteSwiftPackageReference "lottie-ios" */ = {
			isa = XCRemoteSwiftPackageReference;
			repositoryURL = "https://github.com/airbnb/lottie-ios";
			requirement = {
				kind = upToNextMajorVersion;
				minimumVersion = 3.0.0;
			};
		};
/* End XCRemoteSwiftPackageReference section */

/* Begin XCSwiftPackageProductDependency section */
		D4154147279DEA8A003E8313 /* Lottie */ = {
			isa = XCSwiftPackageProductDependency;
			package = D4154146279DEA8A003E8313 /* XCRemoteSwiftPackageReference "lottie-ios" */;
			productName = Lottie;
		};
/* End XCSwiftPackageProductDependency section */
	};
	rootObject = 3300E93527972C77002C5B12 /* Project object */;
}
