// !$*UTF8*$!
{
	archiveVersion = 1;
	classes = {
	};
	objectVersion = 52;
	objects = {

/* Begin PBXBuildFile section */
		3300E94127972C77002C5B12 /* AppDelegate.swift in Sources */ = {isa = PBXBuildFile; fileRef = 3300E94027972C77002C5B12 /* AppDelegate.swift */; };
		3300E94327972C77002C5B12 /* SceneDelegate.swift in Sources */ = {isa = PBXBuildFile; fileRef = 3300E94227972C77002C5B12 /* SceneDelegate.swift */; };
		3300E94827972C77002C5B12 /* Main.storyboard in Resources */ = {isa = PBXBuildFile; fileRef = 3300E94627972C77002C5B12 /* Main.storyboard */; };
		3300E94A27972C78002C5B12 /* Assets.xcassets in Resources */ = {isa = PBXBuildFile; fileRef = 3300E94927972C78002C5B12 /* Assets.xcassets */; };
		3300E94D27972C78002C5B12 /* LaunchScreen.storyboard in Resources */ = {isa = PBXBuildFile; fileRef = 3300E94B27972C78002C5B12 /* LaunchScreen.storyboard */; };
		33A873C127A1A40D00383B4A /* FavoritosVC.swift in Sources */ = {isa = PBXBuildFile; fileRef = 33A873C027A1A40D00383B4A /* FavoritosVC.swift */; };
		33A873C727A1C20400383B4A /* PerfilOpstionsCell.swift in Sources */ = {isa = PBXBuildFile; fileRef = 33A873C627A1C20400383B4A /* PerfilOpstionsCell.swift */; };
		33D1DD9A27A06201009CE75E /* PerfilVC.swift in Sources */ = {isa = PBXBuildFile; fileRef = 33D1DD9927A06201009CE75E /* PerfilVC.swift */; };
		33DEED0F27A3106E0017C62D /* FavoritosCell.swift in Sources */ = {isa = PBXBuildFile; fileRef = 33DEED0E27A3106E0017C62D /* FavoritosCell.swift */; };
		D40EB9A8279F310D0026044E /* Accesory.storyboard in Resources */ = {isa = PBXBuildFile; fileRef = D40EB9A7279F310D0026044E /* Accesory.storyboard */; };
		D40EB9AA279F344B0026044E /* HomeVC.swift in Sources */ = {isa = PBXBuildFile; fileRef = D40EB9A9279F344B0026044E /* HomeVC.swift */; };
		D410A1C827B28AE10056FD7B /* RecoverPassVC.swift in Sources */ = {isa = PBXBuildFile; fileRef = D410A1C727B28AE10056FD7B /* RecoverPassVC.swift */; };
		D4154148279DEA8A003E8313 /* Lottie in Frameworks */ = {isa = PBXBuildFile; productRef = D4154147279DEA8A003E8313 /* Lottie */; };
		D415414E279DF5FD003E8313 /* LaunchScreenVC.swift in Sources */ = {isa = PBXBuildFile; fileRef = D415414D279DF5FD003E8313 /* LaunchScreenVC.swift */; };
		D415415A279E0D38003E8313 /* beer_splash.json in Resources */ = {isa = PBXBuildFile; fileRef = D4154159279E0D38003E8313 /* beer_splash.json */; };
		D415415C279E10EE003E8313 /* LoginVC.swift in Sources */ = {isa = PBXBuildFile; fileRef = D415415B279E10ED003E8313 /* LoginVC.swift */; };
		D415415E279E1B38003E8313 /* RegisterVC.swift in Sources */ = {isa = PBXBuildFile; fileRef = D415415D279E1B38003E8313 /* RegisterVC.swift */; };
		D43217E327A7060000770DA2 /* MapsVC.swift in Sources */ = {isa = PBXBuildFile; fileRef = D43217E227A7060000770DA2 /* MapsVC.swift */; };
		D43217E527A73DDF00770DA2 /* QRVC.swift in Sources */ = {isa = PBXBuildFile; fileRef = D43217E427A73DDF00770DA2 /* QRVC.swift */; };
		D44E4A7827C0F4F600B5A373 /* Connection.swift in Sources */ = {isa = PBXBuildFile; fileRef = D44E4A7727C0F4F600B5A373 /* Connection.swift */; };
		D473DC8E27A447D5002B88E3 /* DetailCell.swift in Sources */ = {isa = PBXBuildFile; fileRef = D473DC8D27A447D5002B88E3 /* DetailCell.swift */; };
		D4A370BC27A01A5C005A2113 /* HomeTVCell.swift in Sources */ = {isa = PBXBuildFile; fileRef = D4A370BB27A01A5C005A2113 /* HomeTVCell.swift */; };
		D4A370BE27A063CE005A2113 /* TableHome.swift in Sources */ = {isa = PBXBuildFile; fileRef = D4A370BD27A063CE005A2113 /* TableHome.swift */; };
		D4B746B127A1507F00984654 /* IQKeyboardManagerSwift in Frameworks */ = {isa = PBXBuildFile; productRef = D4B746B027A1507F00984654 /* IQKeyboardManagerSwift */; };
		D4B746B327A294F000984654 /* GamificacionVC.swift in Sources */ = {isa = PBXBuildFile; fileRef = D4B746B227A294F000984654 /* GamificacionVC.swift */; };
		D4B746B627A2983F00984654 /* RankingCell.swift in Sources */ = {isa = PBXBuildFile; fileRef = D4B746B427A2983F00984654 /* RankingCell.swift */; };
		D4B746B727A2983F00984654 /* RankingCell.xib in Resources */ = {isa = PBXBuildFile; fileRef = D4B746B527A2983F00984654 /* RankingCell.xib */; };
		D4B746BA27A2985600984654 /* QuestCell.swift in Sources */ = {isa = PBXBuildFile; fileRef = D4B746B827A2985600984654 /* QuestCell.swift */; };
		D4B746BB27A2985600984654 /* QuestCell.xib in Resources */ = {isa = PBXBuildFile; fileRef = D4B746B927A2985600984654 /* QuestCell.xib */; };
		D4B746BD27A3FAEF00984654 /* QuestDetailVC.swift in Sources */ = {isa = PBXBuildFile; fileRef = D4B746BC27A3FAEF00984654 /* QuestDetailVC.swift */; };
		D4B746BF27A4149700984654 /* BeerDetailVC.swift in Sources */ = {isa = PBXBuildFile; fileRef = D4B746BE27A4149700984654 /* BeerDetailVC.swift */; };
		D4B859FF27B914B300F73278 /* Response.swift in Sources */ = {isa = PBXBuildFile; fileRef = D4B859FE27B914B300F73278 /* Response.swift */; };
		D4B85A0127B914C300F73278 /* NetworkManager.swift in Sources */ = {isa = PBXBuildFile; fileRef = D4B85A0027B914C300F73278 /* NetworkManager.swift */; };
		D4B85A0327B914CE00F73278 /* Session.swift in Sources */ = {isa = PBXBuildFile; fileRef = D4B85A0227B914CE00F73278 /* Session.swift */; };
		D4CB6B74279EADF000981F25 /* OnboardingVC.swift in Sources */ = {isa = PBXBuildFile; fileRef = D4CB6B73279EADF000981F25 /* OnboardingVC.swift */; };
		D4CB6B77279EB30D00981F25 /* UIView+Extension.swift in Sources */ = {isa = PBXBuildFile; fileRef = D4CB6B76279EB30D00981F25 /* UIView+Extension.swift */; };
		D4CB6B79279EB40C00981F25 /* OnboardingSlide.swift in Sources */ = {isa = PBXBuildFile; fileRef = D4CB6B78279EB40C00981F25 /* OnboardingSlide.swift */; };
		D4CB6B7C279EB94700981F25 /* OnboardingCollectionViewCell.swift in Sources */ = {isa = PBXBuildFile; fileRef = D4CB6B7B279EB94700981F25 /* OnboardingCollectionViewCell.swift */; };
		E97ED38927B1173000F4052B /* AjustesVC.swift in Sources */ = {isa = PBXBuildFile; fileRef = E97ED38827B1173000F4052B /* AjustesVC.swift */; };
/* End PBXBuildFile section */

/* Begin PBXFileReference section */
		3300E93D27972C77002C5B12 /* Birringo.app */ = {isa = PBXFileReference; explicitFileType = wrapper.application; includeInIndex = 0; path = Birringo.app; sourceTree = BUILT_PRODUCTS_DIR; };
		3300E94027972C77002C5B12 /* AppDelegate.swift */ = {isa = PBXFileReference; lastKnownFileType = sourcecode.swift; path = AppDelegate.swift; sourceTree = "<group>"; };
		3300E94227972C77002C5B12 /* SceneDelegate.swift */ = {isa = PBXFileReference; lastKnownFileType = sourcecode.swift; path = SceneDelegate.swift; sourceTree = "<group>"; };
		3300E94727972C77002C5B12 /* Base */ = {isa = PBXFileReference; lastKnownFileType = file.storyboard; name = Base; path = Base.lproj/Main.storyboard; sourceTree = "<group>"; };
		3300E94927972C78002C5B12 /* Assets.xcassets */ = {isa = PBXFileReference; lastKnownFileType = folder.assetcatalog; path = Assets.xcassets; sourceTree = "<group>"; };
		3300E94C27972C78002C5B12 /* Base */ = {isa = PBXFileReference; lastKnownFileType = file.storyboard; name = Base; path = Base.lproj/LaunchScreen.storyboard; sourceTree = "<group>"; };
		3300E94E27972C78002C5B12 /* Info.plist */ = {isa = PBXFileReference; lastKnownFileType = text.plist.xml; path = Info.plist; sourceTree = "<group>"; };
		33A873C027A1A40D00383B4A /* FavoritosVC.swift */ = {isa = PBXFileReference; lastKnownFileType = sourcecode.swift; path = FavoritosVC.swift; sourceTree = "<group>"; };
		33A873C627A1C20400383B4A /* PerfilOpstionsCell.swift */ = {isa = PBXFileReference; lastKnownFileType = sourcecode.swift; path = PerfilOpstionsCell.swift; sourceTree = "<group>"; };
		33D1DD9927A06201009CE75E /* PerfilVC.swift */ = {isa = PBXFileReference; lastKnownFileType = sourcecode.swift; path = PerfilVC.swift; sourceTree = "<group>"; };
		33DEED0E27A3106E0017C62D /* FavoritosCell.swift */ = {isa = PBXFileReference; lastKnownFileType = sourcecode.swift; path = FavoritosCell.swift; sourceTree = "<group>"; };
		D40EB9A7279F310D0026044E /* Accesory.storyboard */ = {isa = PBXFileReference; lastKnownFileType = file.storyboard; path = Accesory.storyboard; sourceTree = "<group>"; };
		D40EB9A9279F344B0026044E /* HomeVC.swift */ = {isa = PBXFileReference; lastKnownFileType = sourcecode.swift; path = HomeVC.swift; sourceTree = "<group>"; };
		D410A1C727B28AE10056FD7B /* RecoverPassVC.swift */ = {isa = PBXFileReference; lastKnownFileType = sourcecode.swift; path = RecoverPassVC.swift; sourceTree = "<group>"; };
		D415414D279DF5FD003E8313 /* LaunchScreenVC.swift */ = {isa = PBXFileReference; lastKnownFileType = sourcecode.swift; path = LaunchScreenVC.swift; sourceTree = "<group>"; };
		D4154159279E0D38003E8313 /* beer_splash.json */ = {isa = PBXFileReference; fileEncoding = 4; lastKnownFileType = text.json; path = beer_splash.json; sourceTree = "<group>"; };
		D415415B279E10ED003E8313 /* LoginVC.swift */ = {isa = PBXFileReference; lastKnownFileType = sourcecode.swift; path = LoginVC.swift; sourceTree = "<group>"; };
		D415415D279E1B38003E8313 /* RegisterVC.swift */ = {isa = PBXFileReference; lastKnownFileType = sourcecode.swift; path = RegisterVC.swift; sourceTree = "<group>"; };
		D43217E227A7060000770DA2 /* MapsVC.swift */ = {isa = PBXFileReference; lastKnownFileType = sourcecode.swift; path = MapsVC.swift; sourceTree = "<group>"; };
		D43217E427A73DDF00770DA2 /* QRVC.swift */ = {isa = PBXFileReference; lastKnownFileType = sourcecode.swift; path = QRVC.swift; sourceTree = "<group>"; };
		D44E4A7727C0F4F600B5A373 /* Connection.swift */ = {isa = PBXFileReference; lastKnownFileType = sourcecode.swift; path = Connection.swift; sourceTree = "<group>"; };
		D473DC8D27A447D5002B88E3 /* DetailCell.swift */ = {isa = PBXFileReference; lastKnownFileType = sourcecode.swift; path = DetailCell.swift; sourceTree = "<group>"; };
		D4A370BB27A01A5C005A2113 /* HomeTVCell.swift */ = {isa = PBXFileReference; lastKnownFileType = sourcecode.swift; path = HomeTVCell.swift; sourceTree = "<group>"; };
		D4A370BD27A063CE005A2113 /* TableHome.swift */ = {isa = PBXFileReference; lastKnownFileType = sourcecode.swift; path = TableHome.swift; sourceTree = "<group>"; };
		D4B746B227A294F000984654 /* GamificacionVC.swift */ = {isa = PBXFileReference; lastKnownFileType = sourcecode.swift; path = GamificacionVC.swift; sourceTree = "<group>"; };
		D4B746B427A2983F00984654 /* RankingCell.swift */ = {isa = PBXFileReference; lastKnownFileType = sourcecode.swift; path = RankingCell.swift; sourceTree = "<group>"; };
		D4B746B527A2983F00984654 /* RankingCell.xib */ = {isa = PBXFileReference; lastKnownFileType = file.xib; path = RankingCell.xib; sourceTree = "<group>"; };
		D4B746B827A2985600984654 /* QuestCell.swift */ = {isa = PBXFileReference; lastKnownFileType = sourcecode.swift; path = QuestCell.swift; sourceTree = "<group>"; };
		D4B746B927A2985600984654 /* QuestCell.xib */ = {isa = PBXFileReference; lastKnownFileType = file.xib; path = QuestCell.xib; sourceTree = "<group>"; };
		D4B746BC27A3FAEF00984654 /* QuestDetailVC.swift */ = {isa = PBXFileReference; lastKnownFileType = sourcecode.swift; path = QuestDetailVC.swift; sourceTree = "<group>"; };
		D4B746BE27A4149700984654 /* BeerDetailVC.swift */ = {isa = PBXFileReference; lastKnownFileType = sourcecode.swift; path = BeerDetailVC.swift; sourceTree = "<group>"; };
		D4B859FE27B914B300F73278 /* Response.swift */ = {isa = PBXFileReference; lastKnownFileType = sourcecode.swift; path = Response.swift; sourceTree = "<group>"; };
		D4B85A0027B914C300F73278 /* NetworkManager.swift */ = {isa = PBXFileReference; lastKnownFileType = sourcecode.swift; path = NetworkManager.swift; sourceTree = "<group>"; };
		D4B85A0227B914CE00F73278 /* Session.swift */ = {isa = PBXFileReference; lastKnownFileType = sourcecode.swift; path = Session.swift; sourceTree = "<group>"; };
		D4CB6B73279EADF000981F25 /* OnboardingVC.swift */ = {isa = PBXFileReference; lastKnownFileType = sourcecode.swift; path = OnboardingVC.swift; sourceTree = "<group>"; };
		D4CB6B76279EB30D00981F25 /* UIView+Extension.swift */ = {isa = PBXFileReference; lastKnownFileType = sourcecode.swift; path = "UIView+Extension.swift"; sourceTree = "<group>"; };
		D4CB6B78279EB40C00981F25 /* OnboardingSlide.swift */ = {isa = PBXFileReference; lastKnownFileType = sourcecode.swift; path = OnboardingSlide.swift; sourceTree = "<group>"; };
		D4CB6B7B279EB94700981F25 /* OnboardingCollectionViewCell.swift */ = {isa = PBXFileReference; lastKnownFileType = sourcecode.swift; path = OnboardingCollectionViewCell.swift; sourceTree = "<group>"; };
		E97ED38827B1173000F4052B /* AjustesVC.swift */ = {isa = PBXFileReference; lastKnownFileType = sourcecode.swift; path = AjustesVC.swift; sourceTree = "<group>"; };
/* End PBXFileReference section */

/* Begin PBXFrameworksBuildPhase section */
		3300E93A27972C77002C5B12 /* Frameworks */ = {
			isa = PBXFrameworksBuildPhase;
			buildActionMask = 2147483647;
			files = (
				D4154148279DEA8A003E8313 /* Lottie in Frameworks */,
				D4B746B127A1507F00984654 /* IQKeyboardManagerSwift in Frameworks */,
			);
			runOnlyForDeploymentPostprocessing = 0;
		};
/* End PBXFrameworksBuildPhase section */

/* Begin PBXGroup section */
		3300E93427972C77002C5B12 = {
			isa = PBXGroup;
			children = (
				3300E93F27972C77002C5B12 /* Birringo */,
				3300E93E27972C77002C5B12 /* Products */,
			);
			sourceTree = "<group>";
		};
		3300E93E27972C77002C5B12 /* Products */ = {
			isa = PBXGroup;
			children = (
				3300E93D27972C77002C5B12 /* Birringo.app */,
			);
			name = Products;
			sourceTree = "<group>";
		};
		3300E93F27972C77002C5B12 /* Birringo */ = {
			isa = PBXGroup;
			children = (
				D4B859FD27B9149A00F73278 /* Network */,
				D4CB6B7A279EB91C00981F25 /* Cells */,
				D4CB6B75279EB2E500981F25 /* Extensions */,
				D4CB6B71279EAD9E00981F25 /* Models */,
				D4CB6B70279EAD9500981F25 /* VC */,
				D4154159279E0D38003E8313 /* beer_splash.json */,
				3300E94027972C77002C5B12 /* AppDelegate.swift */,
				3300E94227972C77002C5B12 /* SceneDelegate.swift */,
				3300E94627972C77002C5B12 /* Main.storyboard */,
				D40EB9A7279F310D0026044E /* Accesory.storyboard */,
				3300E94927972C78002C5B12 /* Assets.xcassets */,
				3300E94B27972C78002C5B12 /* LaunchScreen.storyboard */,
				3300E94E27972C78002C5B12 /* Info.plist */,
			);
			path = Birringo;
			sourceTree = "<group>";
		};
		D4B859FD27B9149A00F73278 /* Network */ = {
			isa = PBXGroup;
			children = (
				D4B85A0027B914C300F73278 /* NetworkManager.swift */,
				D4B85A0227B914CE00F73278 /* Session.swift */,
				D44E4A7727C0F4F600B5A373 /* Connection.swift */,
			);
			path = Network;
			sourceTree = "<group>";
		};
		D4CB6B70279EAD9500981F25 /* VC */ = {
			isa = PBXGroup;
			children = (
				D415414D279DF5FD003E8313 /* LaunchScreenVC.swift */,
				D415415B279E10ED003E8313 /* LoginVC.swift */,
				D415415D279E1B38003E8313 /* RegisterVC.swift */,
				D410A1C727B28AE10056FD7B /* RecoverPassVC.swift */,
				D40EB9A9279F344B0026044E /* HomeVC.swift */,
				33D1DD9927A06201009CE75E /* PerfilVC.swift */,
				E97ED38827B1173000F4052B /* AjustesVC.swift */,
				33A873C027A1A40D00383B4A /* FavoritosVC.swift */,
				D4B746B227A294F000984654 /* GamificacionVC.swift */,
				D4B746BC27A3FAEF00984654 /* QuestDetailVC.swift */,
				D4B746BE27A4149700984654 /* BeerDetailVC.swift */,
				D43217E227A7060000770DA2 /* MapsVC.swift */,
				D43217E427A73DDF00770DA2 /* QRVC.swift */,
				D4CB6B73279EADF000981F25 /* OnboardingVC.swift */,
			);
			path = VC;
			sourceTree = "<group>";
		};
		D4CB6B71279EAD9E00981F25 /* Models */ = {
			isa = PBXGroup;
			children = (
				D4CB6B78279EB40C00981F25 /* OnboardingSlide.swift */,
				D4A370BD27A063CE005A2113 /* TableHome.swift */,
				D4B859FE27B914B300F73278 /* Response.swift */,
			);
			path = Models;
			sourceTree = "<group>";
		};
		D4CB6B75279EB2E500981F25 /* Extensions */ = {
			isa = PBXGroup;
			children = (
				D4CB6B76279EB30D00981F25 /* UIView+Extension.swift */,
			);
			path = Extensions;
			sourceTree = "<group>";
		};
		D4CB6B7A279EB91C00981F25 /* Cells */ = {
			isa = PBXGroup;
			children = (
				D4CB6B7B279EB94700981F25 /* OnboardingCollectionViewCell.swift */,
				D4A370BB27A01A5C005A2113 /* HomeTVCell.swift */,
				33A873C627A1C20400383B4A /* PerfilOpstionsCell.swift */,
				D4B746B427A2983F00984654 /* RankingCell.swift */,
				D4B746B527A2983F00984654 /* RankingCell.xib */,
				D4B746B827A2985600984654 /* QuestCell.swift */,
				D4B746B927A2985600984654 /* QuestCell.xib */,
				33DEED0E27A3106E0017C62D /* FavoritosCell.swift */,
				D473DC8D27A447D5002B88E3 /* DetailCell.swift */,
			);
			path = Cells;
			sourceTree = "<group>";
		};
/* End PBXGroup section */

/* Begin PBXNativeTarget section */
		3300E93C27972C77002C5B12 /* Birringo */ = {
			isa = PBXNativeTarget;
			buildConfigurationList = 3300E95127972C78002C5B12 /* Build configuration list for PBXNativeTarget "Birringo" */;
			buildPhases = (
				3300E93927972C77002C5B12 /* Sources */,
				3300E93A27972C77002C5B12 /* Frameworks */,
				3300E93B27972C77002C5B12 /* Resources */,
			);
			buildRules = (
			);
			dependencies = (
			);
			name = Birringo;
			packageProductDependencies = (
				D4154147279DEA8A003E8313 /* Lottie */,
				D4B746B027A1507F00984654 /* IQKeyboardManagerSwift */,
			);
			productName = Birringo;
			productReference = 3300E93D27972C77002C5B12 /* Birringo.app */;
			productType = "com.apple.product-type.application";
		};
/* End PBXNativeTarget section */

/* Begin PBXProject section */
		3300E93527972C77002C5B12 /* Project object */ = {
			isa = PBXProject;
			attributes = {
				LastSwiftUpdateCheck = 1250;
				LastUpgradeCheck = 1250;
				TargetAttributes = {
					3300E93C27972C77002C5B12 = {
						CreatedOnToolsVersion = 12.5.1;
					};
				};
			};
			buildConfigurationList = 3300E93827972C77002C5B12 /* Build configuration list for PBXProject "Birringo" */;
			compatibilityVersion = "Xcode 9.3";
			developmentRegion = en;
			hasScannedForEncodings = 0;
			knownRegions = (
				en,
				Base,
			);
			mainGroup = 3300E93427972C77002C5B12;
			packageReferences = (
				D4154146279DEA8A003E8313 /* XCRemoteSwiftPackageReference "lottie-ios" */,
				D4B746AF27A1507F00984654 /* XCRemoteSwiftPackageReference "IQKeyboardManager" */,
			);
			productRefGroup = 3300E93E27972C77002C5B12 /* Products */;
			projectDirPath = "";
			projectRoot = "";
			targets = (
				3300E93C27972C77002C5B12 /* Birringo */,
			);
		};
/* End PBXProject section */

/* Begin PBXResourcesBuildPhase section */
		3300E93B27972C77002C5B12 /* Resources */ = {
			isa = PBXResourcesBuildPhase;
			buildActionMask = 2147483647;
			files = (
				D4B746BB27A2985600984654 /* QuestCell.xib in Resources */,
				D4B746B727A2983F00984654 /* RankingCell.xib in Resources */,
				D415415A279E0D38003E8313 /* beer_splash.json in Resources */,
				3300E94D27972C78002C5B12 /* LaunchScreen.storyboard in Resources */,
				D40EB9A8279F310D0026044E /* Accesory.storyboard in Resources */,
				3300E94A27972C78002C5B12 /* Assets.xcassets in Resources */,
				3300E94827972C77002C5B12 /* Main.storyboard in Resources */,
			);
			runOnlyForDeploymentPostprocessing = 0;
		};
/* End PBXResourcesBuildPhase section */

/* Begin PBXSourcesBuildPhase section */
		3300E93927972C77002C5B12 /* Sources */ = {
			isa = PBXSourcesBuildPhase;
			buildActionMask = 2147483647;
			files = (
				E97ED38927B1173000F4052B /* AjustesVC.swift in Sources */,
				D4B85A0327B914CE00F73278 /* Session.swift in Sources */,
				D4B746BA27A2985600984654 /* QuestCell.swift in Sources */,
				D410A1C827B28AE10056FD7B /* RecoverPassVC.swift in Sources */,
				3300E94127972C77002C5B12 /* AppDelegate.swift in Sources */,
				D40EB9AA279F344B0026044E /* HomeVC.swift in Sources */,
				D4CB6B77279EB30D00981F25 /* UIView+Extension.swift in Sources */,
				D44E4A7827C0F4F600B5A373 /* Connection.swift in Sources */,
				D4B746BD27A3FAEF00984654 /* QuestDetailVC.swift in Sources */,
				D4CB6B74279EADF000981F25 /* OnboardingVC.swift in Sources */,
				33A873C727A1C20400383B4A /* PerfilOpstionsCell.swift in Sources */,
				33D1DD9A27A06201009CE75E /* PerfilVC.swift in Sources */,
				33DEED0F27A3106E0017C62D /* FavoritosCell.swift in Sources */,
				D43217E527A73DDF00770DA2 /* QRVC.swift in Sources */,
				3300E94327972C77002C5B12 /* SceneDelegate.swift in Sources */,
				D4B859FF27B914B300F73278 /* Response.swift in Sources */,
				D43217E327A7060000770DA2 /* MapsVC.swift in Sources */,
				D4A370BC27A01A5C005A2113 /* HomeTVCell.swift in Sources */,
				D4B746B627A2983F00984654 /* RankingCell.swift in Sources */,
				D473DC8E27A447D5002B88E3 /* DetailCell.swift in Sources */,
				D4CB6B79279EB40C00981F25 /* OnboardingSlide.swift in Sources */,
				33A873C127A1A40D00383B4A /* FavoritosVC.swift in Sources */,
				D415415C279E10EE003E8313 /* LoginVC.swift in Sources */,
				D4B746BF27A4149700984654 /* BeerDetailVC.swift in Sources */,
				D415414E279DF5FD003E8313 /* LaunchScreenVC.swift in Sources */,
				D415415E279E1B38003E8313 /* RegisterVC.swift in Sources */,
				D4B85A0127B914C300F73278 /* NetworkManager.swift in Sources */,
				D4B746B327A294F000984654 /* GamificacionVC.swift in Sources */,
				D4CB6B7C279EB94700981F25 /* OnboardingCollectionViewCell.swift in Sources */,
				D4A370BE27A063CE005A2113 /* TableHome.swift in Sources */,
			);
			runOnlyForDeploymentPostprocessing = 0;
		};
/* End PBXSourcesBuildPhase section */

/* Begin PBXVariantGroup section */
		3300E94627972C77002C5B12 /* Main.storyboard */ = {
			isa = PBXVariantGroup;
			children = (
				3300E94727972C77002C5B12 /* Base */,
			);
			name = Main.storyboard;
			sourceTree = "<group>";
		};
		3300E94B27972C78002C5B12 /* LaunchScreen.storyboard */ = {
			isa = PBXVariantGroup;
			children = (
				3300E94C27972C78002C5B12 /* Base */,
			);
			name = LaunchScreen.storyboard;
			sourceTree = "<group>";
		};
/* End PBXVariantGroup section */

/* Begin XCBuildConfiguration section */
		3300E94F27972C78002C5B12 /* Debug */ = {
			isa = XCBuildConfiguration;
			buildSettings = {
				ALWAYS_SEARCH_USER_PATHS = NO;
				CLANG_ANALYZER_NONNULL = YES;
				CLANG_ANALYZER_NUMBER_OBJECT_CONVERSION = YES_AGGRESSIVE;
				CLANG_CXX_LANGUAGE_STANDARD = "gnu++14";
				CLANG_CXX_LIBRARY = "libc++";
				CLANG_ENABLE_MODULES = YES;
				CLANG_ENABLE_OBJC_ARC = YES;
				CLANG_ENABLE_OBJC_WEAK = YES;
				CLANG_WARN_BLOCK_CAPTURE_AUTORELEASING = YES;
				CLANG_WARN_BOOL_CONVERSION = YES;
				CLANG_WARN_COMMA = YES;
				CLANG_WARN_CONSTANT_CONVERSION = YES;
				CLANG_WARN_DEPRECATED_OBJC_IMPLEMENTATIONS = YES;
				CLANG_WARN_DIRECT_OBJC_ISA_USAGE = YES_ERROR;
				CLANG_WARN_DOCUMENTATION_COMMENTS = YES;
				CLANG_WARN_EMPTY_BODY = YES;
				CLANG_WARN_ENUM_CONVERSION = YES;
				CLANG_WARN_INFINITE_RECURSION = YES;
				CLANG_WARN_INT_CONVERSION = YES;
				CLANG_WARN_NON_LITERAL_NULL_CONVERSION = YES;
				CLANG_WARN_OBJC_IMPLICIT_RETAIN_SELF = YES;
				CLANG_WARN_OBJC_LITERAL_CONVERSION = YES;
				CLANG_WARN_OBJC_ROOT_CLASS = YES_ERROR;
				CLANG_WARN_QUOTED_INCLUDE_IN_FRAMEWORK_HEADER = YES;
				CLANG_WARN_RANGE_LOOP_ANALYSIS = YES;
				CLANG_WARN_STRICT_PROTOTYPES = YES;
				CLANG_WARN_SUSPICIOUS_MOVE = YES;
				CLANG_WARN_UNGUARDED_AVAILABILITY = YES_AGGRESSIVE;
				CLANG_WARN_UNREACHABLE_CODE = YES;
				CLANG_WARN__DUPLICATE_METHOD_MATCH = YES;
				COPY_PHASE_STRIP = NO;
				DEBUG_INFORMATION_FORMAT = dwarf;
				ENABLE_STRICT_OBJC_MSGSEND = YES;
				ENABLE_TESTABILITY = YES;
				GCC_C_LANGUAGE_STANDARD = gnu11;
				GCC_DYNAMIC_NO_PIC = NO;
				GCC_NO_COMMON_BLOCKS = YES;
				GCC_OPTIMIZATION_LEVEL = 0;
				GCC_PREPROCESSOR_DEFINITIONS = (
					"DEBUG=1",
					"$(inherited)",
				);
				GCC_WARN_64_TO_32_BIT_CONVERSION = YES;
				GCC_WARN_ABOUT_RETURN_TYPE = YES_ERROR;
				GCC_WARN_UNDECLARED_SELECTOR = YES;
				GCC_WARN_UNINITIALIZED_AUTOS = YES_AGGRESSIVE;
				GCC_WARN_UNUSED_FUNCTION = YES;
				GCC_WARN_UNUSED_VARIABLE = YES;
				IPHONEOS_DEPLOYMENT_TARGET = 14.5;
				MTL_ENABLE_DEBUG_INFO = INCLUDE_SOURCE;
				MTL_FAST_MATH = YES;
				ONLY_ACTIVE_ARCH = YES;
				SDKROOT = iphoneos;
				SWIFT_ACTIVE_COMPILATION_CONDITIONS = DEBUG;
				SWIFT_OPTIMIZATION_LEVEL = "-Onone";
			};
			name = Debug;
		};
		3300E95027972C78002C5B12 /* Release */ = {
			isa = XCBuildConfiguration;
			buildSettings = {
				ALWAYS_SEARCH_USER_PATHS = NO;
				CLANG_ANALYZER_NONNULL = YES;
				CLANG_ANALYZER_NUMBER_OBJECT_CONVERSION = YES_AGGRESSIVE;
				CLANG_CXX_LANGUAGE_STANDARD = "gnu++14";
				CLANG_CXX_LIBRARY = "libc++";
				CLANG_ENABLE_MODULES = YES;
				CLANG_ENABLE_OBJC_ARC = YES;
				CLANG_ENABLE_OBJC_WEAK = YES;
				CLANG_WARN_BLOCK_CAPTURE_AUTORELEASING = YES;
				CLANG_WARN_BOOL_CONVERSION = YES;
				CLANG_WARN_COMMA = YES;
				CLANG_WARN_CONSTANT_CONVERSION = YES;
				CLANG_WARN_DEPRECATED_OBJC_IMPLEMENTATIONS = YES;
				CLANG_WARN_DIRECT_OBJC_ISA_USAGE = YES_ERROR;
				CLANG_WARN_DOCUMENTATION_COMMENTS = YES;
				CLANG_WARN_EMPTY_BODY = YES;
				CLANG_WARN_ENUM_CONVERSION = YES;
				CLANG_WARN_INFINITE_RECURSION = YES;
				CLANG_WARN_INT_CONVERSION = YES;
				CLANG_WARN_NON_LITERAL_NULL_CONVERSION = YES;
				CLANG_WARN_OBJC_IMPLICIT_RETAIN_SELF = YES;
				CLANG_WARN_OBJC_LITERAL_CONVERSION = YES;
				CLANG_WARN_OBJC_ROOT_CLASS = YES_ERROR;
				CLANG_WARN_QUOTED_INCLUDE_IN_FRAMEWORK_HEADER = YES;
				CLANG_WARN_RANGE_LOOP_ANALYSIS = YES;
				CLANG_WARN_STRICT_PROTOTYPES = YES;
				CLANG_WARN_SUSPICIOUS_MOVE = YES;
				CLANG_WARN_UNGUARDED_AVAILABILITY = YES_AGGRESSIVE;
				CLANG_WARN_UNREACHABLE_CODE = YES;
				CLANG_WARN__DUPLICATE_METHOD_MATCH = YES;
				COPY_PHASE_STRIP = NO;
				DEBUG_INFORMATION_FORMAT = "dwarf-with-dsym";
				ENABLE_NS_ASSERTIONS = NO;
				ENABLE_STRICT_OBJC_MSGSEND = YES;
				GCC_C_LANGUAGE_STANDARD = gnu11;
				GCC_NO_COMMON_BLOCKS = YES;
				GCC_WARN_64_TO_32_BIT_CONVERSION = YES;
				GCC_WARN_ABOUT_RETURN_TYPE = YES_ERROR;
				GCC_WARN_UNDECLARED_SELECTOR = YES;
				GCC_WARN_UNINITIALIZED_AUTOS = YES_AGGRESSIVE;
				GCC_WARN_UNUSED_FUNCTION = YES;
				GCC_WARN_UNUSED_VARIABLE = YES;
				IPHONEOS_DEPLOYMENT_TARGET = 14.5;
				MTL_ENABLE_DEBUG_INFO = NO;
				MTL_FAST_MATH = YES;
				SDKROOT = iphoneos;
				SWIFT_COMPILATION_MODE = wholemodule;
				SWIFT_OPTIMIZATION_LEVEL = "-O";
				VALIDATE_PRODUCT = YES;
			};
			name = Release;
		};
		3300E95227972C78002C5B12 /* Debug */ = {
			isa = XCBuildConfiguration;
			buildSettings = {
				ASSETCATALOG_COMPILER_APPICON_NAME = AppIcon;
				ASSETCATALOG_COMPILER_GLOBAL_ACCENT_COLOR_NAME = AccentColor;
				CODE_SIGN_STYLE = Automatic;
				DEVELOPMENT_TEAM = V469DAHXMC;
				INFOPLIST_FILE = Birringo/Info.plist;
				LD_RUNPATH_SEARCH_PATHS = (
					"$(inherited)",
					"@executable_path/Frameworks",
				);
				PRODUCT_BUNDLE_IDENTIFIER = com.retamar.Birringo;
				PRODUCT_NAME = "$(TARGET_NAME)";
				SWIFT_VERSION = 5.0;
				TARGETED_DEVICE_FAMILY = "1,2";
			};
			name = Debug;
		};
		3300E95327972C78002C5B12 /* Release */ = {
			isa = XCBuildConfiguration;
			buildSettings = {
				ASSETCATALOG_COMPILER_APPICON_NAME = AppIcon;
				ASSETCATALOG_COMPILER_GLOBAL_ACCENT_COLOR_NAME = AccentColor;
				CODE_SIGN_STYLE = Automatic;
				DEVELOPMENT_TEAM = V469DAHXMC;
				INFOPLIST_FILE = Birringo/Info.plist;
				LD_RUNPATH_SEARCH_PATHS = (
					"$(inherited)",
					"@executable_path/Frameworks",
				);
				PRODUCT_BUNDLE_IDENTIFIER = com.retamar.Birringo;
				PRODUCT_NAME = "$(TARGET_NAME)";
				SWIFT_VERSION = 5.0;
				TARGETED_DEVICE_FAMILY = "1,2";
			};
			name = Release;
		};
/* End XCBuildConfiguration section */

/* Begin XCConfigurationList section */
		3300E93827972C77002C5B12 /* Build configuration list for PBXProject "Birringo" */ = {
			isa = XCConfigurationList;
			buildConfigurations = (
				3300E94F27972C78002C5B12 /* Debug */,
				3300E95027972C78002C5B12 /* Release */,
			);
			defaultConfigurationIsVisible = 0;
			defaultConfigurationName = Release;
		};
		3300E95127972C78002C5B12 /* Build configuration list for PBXNativeTarget "Birringo" */ = {
			isa = XCConfigurationList;
			buildConfigurations = (
				3300E95227972C78002C5B12 /* Debug */,
				3300E95327972C78002C5B12 /* Release */,
			);
			defaultConfigurationIsVisible = 0;
			defaultConfigurationName = Release;
		};
/* End XCConfigurationList section */

/* Begin XCRemoteSwiftPackageReference section */
		D4154146279DEA8A003E8313 /* XCRemoteSwiftPackageReference "lottie-ios" */ = {
			isa = XCRemoteSwiftPackageReference;
			repositoryURL = "https://github.com/airbnb/lottie-ios";
			requirement = {
				kind = upToNextMajorVersion;
				minimumVersion = 3.0.0;
			};
		};
		D4B746AF27A1507F00984654 /* XCRemoteSwiftPackageReference "IQKeyboardManager" */ = {
			isa = XCRemoteSwiftPackageReference;
			repositoryURL = "https://github.com/hackiftekhar/IQKeyboardManager.git";
			requirement = {
				kind = upToNextMajorVersion;
				minimumVersion = 6.0.0;
			};
		};
/* End XCRemoteSwiftPackageReference section */

/* Begin XCSwiftPackageProductDependency section */
		D4154147279DEA8A003E8313 /* Lottie */ = {
			isa = XCSwiftPackageProductDependency;
			package = D4154146279DEA8A003E8313 /* XCRemoteSwiftPackageReference "lottie-ios" */;
			productName = Lottie;
		};
		D4B746B027A1507F00984654 /* IQKeyboardManagerSwift */ = {
			isa = XCSwiftPackageProductDependency;
			package = D4B746AF27A1507F00984654 /* XCRemoteSwiftPackageReference "IQKeyboardManager" */;
			productName = IQKeyboardManagerSwift;
		};
/* End XCSwiftPackageProductDependency section */
	};
	rootObject = 3300E93527972C77002C5B12 /* Project object */;
}
